
Microsoft Visual Studio Solution File, Format Version 12.00
# Visual Studio Version 17
VisualStudioVersion = 17.10.35122.118
MinimumVisualStudioVersion = 10.0.40219.1
Project("{FAE04EC0-301F-11D3-BF4B-00C04F79EFBC}") = "PatikaLINQ5", "PatikaLINQ5\PatikaLINQ5.csproj", "{04A60A9B-7E89-4B0E-9E01-0C2297953A0E}"
EndProject
Global
	GlobalSection(SolutionConfigurationPlatforms) = preSolution
		Debug|Any CPU = Debug|Any CPU
		Release|Any CPU = Release|Any CPU
	EndGlobalSection
	GlobalSection(ProjectConfigurationPlatforms) = postSolution
		{04A60A9B-7E89-4B0E-9E01-0C2297953A0E}.Debug|Any CPU.ActiveCfg = Debug|Any CPU
		{04A60A9B-7E89-4B0E-9E01-0C2297953A0E}.Debug|Any CPU.Build.0 = Debug|Any CPU
		{04A60A9B-7E89-4B0E-9E01-0C2297953A0E}.Release|Any CPU.ActiveCfg = Release|Any CPU
		{04A60A9B-7E89-4B0E-9E01-0C2297953A0E}.Release|Any CPU.Build.0 = Release|Any CPU
	EndGlobalSection
	GlobalSection(SolutionProperties) = preSolution
		HideSolutionNode = FALSE
	EndGlobalSection
	GlobalSection(ExtensibilityGlobals) = postSolution
		SolutionGuid = {3D1A87A4-8B12-4B0A-AF4E-3D6BD78FC2E7}
	EndGlobalSection
EndGlobal
